# THIS IS AN AUTOGENERATED FILE. DO NOT EDIT THIS FILE DIRECTLY.
# yarn lockfile v1


"@types/estree@*", "@types/estree@^1.0.0":
  version "1.0.5"
  resolved "https://registry.yarnpkg.com/@types/estree/-/estree-1.0.5.tgz#a6ce3e556e00fd9895dd872dd172ad0d4bd687f4"
  integrity sha512-/kYRxGDLWzHOB7q+wtSUQlFrtcdUccpfy+X+9iMBpHK8QLLhx2wIPYuS5DYtR9Wa/YlZAbIovy7qVdB1Aq6Lyw==

acorn@8.12.1:
  version "8.12.1"
  resolved "https://registry.yarnpkg.com/acorn/-/acorn-8.12.1.tgz#71616bdccbe25e27a54439e0046e89ca76df2248"
  integrity sha512-tcpGyI9zbizT9JbV6oYE477V6mTlXvvi0T0G3SNIYE2apm/G5huBa1+K89VGeovbg+jycCrfhl3ADxErOuO6Jg==

estree-walker@^3.0.3:
  version "3.0.3"
  resolved "https://registry.yarnpkg.com/estree-walker/-/estree-walker-3.0.3.tgz#67c3e549ec402a487b4fc193d1953a524752340d"
  integrity sha512-7RUKfXgSMMkzt6ZuXmqapOurLGPPfgj6l9uRZ7lRGolvk0y2yocc35LdcxKC5PQZdn2DMqioAQ2NoWcrTKmm6g==
  dependencies:
    "@types/estree" "^1.0.0"

is-reference@^3.0.2:
  version "3.0.2"
  resolved "https://registry.yarnpkg.com/is-reference/-/is-reference-3.0.2.tgz#154747a01f45cd962404ee89d43837af2cba247c"
  integrity sha512-v3rht/LgVcsdZa3O2Nqs+NMowLOxeOm7Ay9+/ARQ2F+qEoANRcqrjAZKGN0v8ymUetZGgkp26LTnGT7H0Qo9Pg==
  dependencies:
    "@types/estree" "*"

periscopic@^4.0.2:
  version "4.0.2"
  resolved "https://registry.yarnpkg.com/periscopic/-/periscopic-4.0.2.tgz#75961389a7e4fc902349e75abbaa373dfd6902a5"
  integrity sha512-sqpQDUy8vgB7ycLkendSKS6HnVz1Rneoc3Rc+ZBUCe2pbqlVuCC5vF52l0NJ1aiMg/r1qfYF9/myz8CZeI2rjA==
  dependencies:
    "@types/estree" "*"
    is-reference "^3.0.2"
    zimmerframe "^1.0.0"

zimmerframe@^1.0.0:
  version "1.1.2"
  resolved "https://registry.yarnpkg.com/zimmerframe/-/zimmerframe-1.1.2.tgz#5b75f1fa83b07ae2a428d51e50f58e2ae6855e5e"
  integrity sha512-rAbqEGa8ovJy4pyBxZM70hg4pE6gDgaQ0Sl9M3enG3I0d6H4XSAM3GeNGLKnsBpuijUow064sf7ww1nutC5/3w==
